{
  "version": "3",
  "redirects": {
    "https://cdn.skypack.dev/-/@supabase/auth-js@v2.63.1-nkmpoHcuCqR7oQ1hxXCE/dist=es2019,mode=types/index.d.ts": "https://cdn.skypack.dev/-/@supabase/auth-js@v2.63.1-nkmpoHcuCqR7oQ1hxXCE/dist=es2019,mode=types/dist/module/index.d.ts",
    "https://cdn.skypack.dev/-/@supabase/functions-js@v2.3.0-fmhp0YTtWpgHFejcMrdP/dist=es2019,mode=types/index.d.ts": "https://cdn.skypack.dev/-/@supabase/functions-js@v2.3.0-fmhp0YTtWpgHFejcMrdP/dist=es2019,mode=types/dist/module/index.d.ts",
    "https://cdn.skypack.dev/-/@supabase/postgrest-js@v1.15.2-8FYbW7k6CftZGypxT4Gs/dist=es2019,mode=types/index.d.ts": "https://cdn.skypack.dev/-/@supabase/postgrest-js@v1.15.2-8FYbW7k6CftZGypxT4Gs/dist=es2019,mode=types/dist/module/index.d.ts",
    "https://cdn.skypack.dev/-/@supabase/realtime-js@v2.9.4-F7hxw0Vp34m2bTV8BNSn/dist=es2019,mode=types/index.d.ts": "https://cdn.skypack.dev/-/@supabase/realtime-js@v2.9.4-F7hxw0Vp34m2bTV8BNSn/dist=es2019,mode=types/dist/module/index.d.ts",
    "https://cdn.skypack.dev/-/@supabase/storage-js@v2.5.5-HMqXIkKSg1wGWsAJgUrK/dist=es2019,mode=types/index.d.ts": "https://cdn.skypack.dev/-/@supabase/storage-js@v2.5.5-HMqXIkKSg1wGWsAJgUrK/dist=es2019,mode=types/dist/module/index.d.ts",
    "https://cdn.skypack.dev/-/@supabase/supabase-js@v2.42.5-DBYH3fRnRdmllQVxaLpX/dist=es2019,mode=types/dist/module/lib/types": "https://cdn.skypack.dev/-/@supabase/supabase-js@v2.42.5-DBYH3fRnRdmllQVxaLpX/dist=es2019,mode=types/dist/module/lib/types.d.ts",
    "https://deno.land/x/hono/helper.ts": "https://deno.land/x/hono@v4.2.5/helper.ts"
  },
  "remote": {
    "https://cdn.skypack.dev/-/@supabase/auth-js@v2.63.1-nkmpoHcuCqR7oQ1hxXCE/dist=es2019,mode=imports/optimized/@supabase/auth-js.js": "2d9543ca8ae201145c3ad473783568178f12087b9f041fd0de15d808805e7d99",
    "https://cdn.skypack.dev/-/@supabase/functions-js@v2.3.0-fmhp0YTtWpgHFejcMrdP/dist=es2019,mode=imports/optimized/@supabase/functions-js.js": "62543d4ebd435e2990ea1aecb9e5938066928f63eed72047e9d723b06d4c7e59",
    "https://cdn.skypack.dev/-/@supabase/node-fetch@v2.6.15-c5DrO8K0MoiPZxDi1V2L/dist=es2019,mode=imports/optimized/@supabase/node-fetch.js": "13c594130f698a0a5c59a76ceeff4c9b8749204b1c2754339a71cc1b388d6c02",
    "https://cdn.skypack.dev/-/@supabase/postgrest-js@v1.15.2-8FYbW7k6CftZGypxT4Gs/dist=es2019,mode=imports/optimized/@supabase/postgrest-js.js": "f88f35db3e2b6b50824622f103c0069f073ec1513a1461c7b37e6d45428ed181",
    "https://cdn.skypack.dev/-/@supabase/realtime-js@v2.9.4-F7hxw0Vp34m2bTV8BNSn/dist=es2019,mode=imports/optimized/@supabase/realtime-js.js": "78e7686dfec67fe37b01fadd1947d13271b1f28e5c487604810e094a1eba95be",
    "https://cdn.skypack.dev/-/@supabase/storage-js@v2.5.5-HMqXIkKSg1wGWsAJgUrK/dist=es2019,mode=imports/optimized/@supabase/storage-js.js": "17d0f66bd4049f13d1c04f4d66417126671bd89abc56e391513b2a9c6d90fd34",
    "https://cdn.skypack.dev/-/@supabase/supabase-js@v2.42.5-DBYH3fRnRdmllQVxaLpX/dist=es2019,mode=imports/optimized/@supabase/supabase-js.js": "4994df3abf16e2bd68e72f70050a25853d05f27e93d658fd8707cef4b91f2983",
    "https://cdn.skypack.dev/-/ws@v8.16.0-zzUEPW2xkWTMZ5qiyASS/dist=es2019,mode=imports/optimized/ws.js": "1d28a62de8fe1860778bab1543a277d81874c9a53a84810f945a2855975b1b6d",
    "https://cdn.skypack.dev/@supabase/supabase-js?dts": "3d37657b95ce75f8772ae110e9e4c8f775594be1e2812376557fc2008acd4488",
    "https://deno.land/x/hono@v4.0.9/client/client.ts": "9aa632e0df3bb1e10081a29577117c92b65f27252c56d2474ddba2113f584848",
    "https://deno.land/x/hono@v4.0.9/client/index.ts": "30def535310a37bede261f1b23d11a9758983b8e9d60a6c56309cee5f6746ab2",
    "https://deno.land/x/hono@v4.0.9/client/utils.ts": "b61b11614aa976e4b6f829642528bd78bf8d19a72aa57426e40eb21507a69c0a",
    "https://deno.land/x/hono@v4.0.9/compose.ts": "37d6e33b7db80e4c43a0629b12fd3a1e3406e7d9e62a4bfad4b30426ea7ae4f1",
    "https://deno.land/x/hono@v4.0.9/context.ts": "2c6b270ca580a46335d04bb5aac39ac13d00e7e4910f54deba446c0a93f0401f",
    "https://deno.land/x/hono@v4.0.9/helper/cookie/index.ts": "9adc57af5723f16d52ec1162838ac3c77dc2c8b9e216762e7c68106c7468cc77",
    "https://deno.land/x/hono@v4.0.9/hono-base.ts": "d3323a4668796cd56b9061ad34f2fa12a3c52178890cfffe27bd077e263c0ab7",
    "https://deno.land/x/hono@v4.0.9/hono.ts": "23edd0140bf0bd5a68c14ae96e5856a5cec6b844277e853b91025e91ea74f416",
    "https://deno.land/x/hono@v4.0.9/http-exception.ts": "0dc357bbf1510f59cdfc35aad569df97e5652f7406f0693437fe140383d8d9c0",
    "https://deno.land/x/hono@v4.0.9/mod.ts": "90114a97be9111b348129ad0143e764a64921f60dd03b8f3da529db98a0d3a82",
    "https://deno.land/x/hono@v4.0.9/request.ts": "9c8061eaf4373aa122a77d1aa8e888397425bc5d78bc17c87a2c861375c4f0b3",
    "https://deno.land/x/hono@v4.0.9/router.ts": "880316f561918fc197481755aac2165fdbe2f530b925c5357a9f98d6e2cc85c7",
    "https://deno.land/x/hono@v4.0.9/router/linear-router/index.ts": "8a2a7144c50b1f4a92d9ee99c2c396716af144c868e10608255f969695efccd0",
    "https://deno.land/x/hono@v4.0.9/router/linear-router/router.ts": "9f8b82c2ba63aebafa58e2e0256490d34d254ebbe8a57ca9ce3ba23709bece3a",
    "https://deno.land/x/hono@v4.0.9/router/pattern-router/index.ts": "304a66c50e243872037ed41c7dd79ed0c89d815e17e172e7ad7cdc4bc07d3383",
    "https://deno.land/x/hono@v4.0.9/router/pattern-router/router.ts": "e42b3c45545da9120f4ac9cb333eed6f230ed5cee3fa52949d2c577a37517046",
    "https://deno.land/x/hono@v4.0.9/router/reg-exp-router/index.ts": "52755829213941756159b7a963097bafde5cc4fc22b13b1c7c9184dc0512d1db",
    "https://deno.land/x/hono@v4.0.9/router/reg-exp-router/node.ts": "5b3fb80411db04c65df066e69fedb2c8c0844753c2633d703336de84d569252c",
    "https://deno.land/x/hono@v4.0.9/router/reg-exp-router/router.ts": "558ab9c2d2d10d4023d80026fd976a17b56dc853df7f1acd171b78c00507ce11",
    "https://deno.land/x/hono@v4.0.9/router/reg-exp-router/trie.ts": "852ce7207e6701e47fa30889a0d2b8bfcd56d8862c97e7bc9831e0a64bd8835f",
    "https://deno.land/x/hono@v4.0.9/router/smart-router/index.ts": "74f9b4fe15ea535900f2b9b048581915f12fe94e531dd2b0032f5610e61c3bef",
    "https://deno.land/x/hono@v4.0.9/router/smart-router/router.ts": "f1848a2a1eefa316a11853ae12e749552747771fb8a11fe713ae04ea6461140b",
    "https://deno.land/x/hono@v4.0.9/router/trie-router/index.ts": "3eb75e7f71ba81801631b30de6b1f5cefb2c7239c03797e2b2cbab5085911b41",
    "https://deno.land/x/hono@v4.0.9/router/trie-router/node.ts": "04d2eac912cc367b95545ce10d889134fc37be74ca729a7f0772970f37b29d11",
    "https://deno.land/x/hono@v4.0.9/router/trie-router/router.ts": "54ced78d35676302c8fcdda4204f7bdf5a7cc907fbf9967c75674b1e394f830d",
    "https://deno.land/x/hono@v4.0.9/utils/body.ts": "1c7013f83bbef8216b3d862111efd5a183eaa29e86decf9a7eec6cdf25757e93",
    "https://deno.land/x/hono@v4.0.9/utils/buffer.ts": "9066a973e64498cb262c7e932f47eed525a51677b17f90893862b7279dc0773e",
    "https://deno.land/x/hono@v4.0.9/utils/cookie.ts": "a8d61878bc6eb338d17758e2b5b47512ac1ced8d824fd4ff7b637b091cc7b28f",
    "https://deno.land/x/hono@v4.0.9/utils/crypto.ts": "bda0e141bbe46d3a4a20f8fbcb6380d473b617123d9fdfa93e4499410b537acc",
    "https://deno.land/x/hono@v4.0.9/utils/html.ts": "6ea4f6bf41587a51607dff7a6d2865ef4d5001e4203b07e5c8a45b63a098e871",
    "https://deno.land/x/hono@v4.0.9/utils/url.ts": "d9d307a495e7dfc6e916fbcfa74c2d8d23e8e685bddc5e6ebc9c0f784345a01a",
    "https://deno.land/x/hono@v4.0.9/validator/index.ts": "6c986e8b91dcf857ecc8164a506ae8eea8665792a4ff7215471df669c632ae7c",
    "https://deno.land/x/hono@v4.0.9/validator/validator.ts": "d80db93f84bce6406feac5d157cb97ee69242498d0dbec4568cb5df1a844bf0f",
    "https://deno.land/x/hono@v4.2.5/adapter/deno/ssg.ts": "49d73dd0d351fc52a54bfc8094096aff957f5a955a3eb976844ed8d88903bc0f",
    "https://deno.land/x/hono@v4.2.5/adapter/deno/websocket.ts": "032bd72f32103ff948e7ad5945ccb6a32e1ccd507ad222758e72a7b3a7828fb5",
    "https://deno.land/x/hono@v4.2.5/client/client.ts": "b8058bbf12cd6e529e1a67c6afd069510371770430c97dbd182ffa5980fa7ee7",
    "https://deno.land/x/hono@v4.2.5/client/index.ts": "30def535310a37bede261f1b23d11a9758983b8e9d60a6c56309cee5f6746ab2",
    "https://deno.land/x/hono@v4.2.5/client/utils.ts": "8be84b49c5c7952666875a8e901fde3044c85c853ea6ba3a7e2c0468478459c0",
    "https://deno.land/x/hono@v4.2.5/compose.ts": "37d6e33b7db80e4c43a0629b12fd3a1e3406e7d9e62a4bfad4b30426ea7ae4f1",
    "https://deno.land/x/hono@v4.2.5/context.ts": "3d8c8a1aaea396fe22e2db822e1a270482c7f4b3b273f8f05ae3b240408bc7b2",
    "https://deno.land/x/hono@v4.2.5/helper.ts": "cf9f0fea6a338bea6104ba1518cce84f5d9f826e64e3bfa22dbc49d9ce56b85b",
    "https://deno.land/x/hono@v4.2.5/helper/accepts/accepts.ts": "46330f2ff384b266ab2227f7943366c09d752c9b58e2908e7b7726548e8954d3",
    "https://deno.land/x/hono@v4.2.5/helper/accepts/index.ts": "88a18cb5f7b15ec2bd515b6fbf5a2a8b5f77d1edbd6f7e1632afe5d755b2cf50",
    "https://deno.land/x/hono@v4.2.5/helper/adapter/index.ts": "5a4ca736487a2a8303bdac9fff710eae38e6f39ed70eb171eed78e5f64da84df",
    "https://deno.land/x/hono@v4.2.5/helper/cookie/index.ts": "80b98f8a014e8b03a9130cce9fb03f6175f82a64367e954d120634f8543556e2",
    "https://deno.land/x/hono@v4.2.5/helper/css/common.ts": "596f3e777c11a73be52585c2140e80f8ad87f1ef3c483514480e11fb7394e986",
    "https://deno.land/x/hono@v4.2.5/helper/css/index.ts": "f91b6c473f033c420077554bcc8c11635194e3ee49c974c22bbacf2b3449b63c",
    "https://deno.land/x/hono@v4.2.5/helper/dev/index.ts": "86b2e7a3f8e60138c4280027b7267db41d53fac138cfa5fb4ce6b42045d50bb3",
    "https://deno.land/x/hono@v4.2.5/helper/factory/index.ts": "da87032bd93785827448e5d1369c90f6d453cdd12ded597d4ca4051e3309e468",
    "https://deno.land/x/hono@v4.2.5/helper/html/index.ts": "48a0ddc576c10452db6c3cab03dd4ee6986ab61ebdc667335b40a81fa0487f69",
    "https://deno.land/x/hono@v4.2.5/helper/ssg/index.ts": "9ea2cab179971de60993ad23612cb9ce99dba95f9dbe30c641f4a60a5b79b716",
    "https://deno.land/x/hono@v4.2.5/helper/ssg/middleware.ts": "f42dd0b5fe7a71232086ceb7033d1b527e517c1fb1741fd0d2deab77d9467443",
    "https://deno.land/x/hono@v4.2.5/helper/ssg/ssg.ts": "6ce8c4a31961cc0a44f4d3001d77e6b0f3bb62cd31f42ff2e749d7a75b066030",
    "https://deno.land/x/hono@v4.2.5/helper/ssg/utils.ts": "90ff5f2f9a57e7cf2f76362ce0b2179677f46390ddf0cce0f5c2023db179d847",
    "https://deno.land/x/hono@v4.2.5/helper/streaming/index.ts": "e4955c04cb5fe4d65abec256ff3f598c87958a1cfd9eece1d6de1b56d16c7723",
    "https://deno.land/x/hono@v4.2.5/helper/streaming/sse.ts": "a88ae4615aace14fea1244538ab80dd591d1d05fb0f4cf57383150af4317d115",
    "https://deno.land/x/hono@v4.2.5/helper/streaming/stream.ts": "a0eeb52395313ecb293edd1294dc21538b024ce1acc4745671f9f1548825cba2",
    "https://deno.land/x/hono@v4.2.5/helper/streaming/text.ts": "bd8d1973feeabca63016cf638309aaeb829a914bf139a26120ca5c85e2b4ce96",
    "https://deno.land/x/hono@v4.2.5/helper/testing/index.ts": "2684779dc908af65c8dcdbe8841c076c316f37a88ee05293ee177ec801d0062d",
    "https://deno.land/x/hono@v4.2.5/hono-base.ts": "2a508c026687a1fc12c0458e100e66d5d72e17f6e6532b407d19663aa7300327",
    "https://deno.land/x/hono@v4.2.5/http-exception.ts": "cd387c6f7357db375ac3375f0346c6da80b46193b661881f660d6b15293fc086",
    "https://deno.land/x/hono@v4.2.5/jsx/constants.ts": "03dbf805f4d07e3b34ab05ac84f3c0cb4fbafb2096fba7789a5f6226ca6f21ad",
    "https://deno.land/x/hono@v4.2.5/jsx/dom/css.ts": "476699080c11fa16230e3fd59b6faf551e5d771c2998b4bf03368b3bc1f5a0e0",
    "https://deno.land/x/hono@v4.2.5/middleware/jwt/index.ts": "4cb997d3d7a09d0b0c0e273841d29729e13e35dfc00021089aebaad868a7f8c6",
    "https://deno.land/x/hono@v4.2.5/request.ts": "6f6e435955667425391f7626f4aa088211e33689a709ff9c4417746fc0b0dd96",
    "https://deno.land/x/hono@v4.2.5/router.ts": "880316f561918fc197481755aac2165fdbe2f530b925c5357a9f98d6e2cc85c7",
    "https://deno.land/x/hono@v4.2.5/utils/body.ts": "1c7013f83bbef8216b3d862111efd5a183eaa29e86decf9a7eec6cdf25757e93",
    "https://deno.land/x/hono@v4.2.5/utils/color.ts": "23f8494d4cace2a74d4baf8216c69328ef7e5ed6ca8a402ba92f50144763d927",
    "https://deno.land/x/hono@v4.2.5/utils/concurrent.ts": "789e3d0ee1b106007d0817f668c9f16da1618ef1029773afa0c1a885a5ec4eae",
    "https://deno.land/x/hono@v4.2.5/utils/cookie.ts": "6eaaf6909a4ae11f6c82404e9398e1c247e3f1854d73994a9e2e6fc3cdf7b584",
    "https://deno.land/x/hono@v4.2.5/utils/encode.ts": "311dfdfae7eb0b6345e9680f7ebbb3a692e872ed964e2029aca38567af8d1f33",
    "https://deno.land/x/hono@v4.2.5/utils/handler.ts": "2940f60d3fdae3df1ebde7f88c0f703c64bb1311c2c0a60f97e80a57b5690393",
    "https://deno.land/x/hono@v4.2.5/utils/html.ts": "6ea4f6bf41587a51607dff7a6d2865ef4d5001e4203b07e5c8a45b63a098e871",
    "https://deno.land/x/hono@v4.2.5/utils/jwt/index.ts": "3b66f48cdd3fcc2caed5e908ca31776e11b1c30391008931276da3035e6ba1e9",
    "https://deno.land/x/hono@v4.2.5/utils/jwt/jwa.ts": "6874cacd8b6dde386636b81b5ea2754f8e4c61757802fa908dd1ce54b91a52fa",
    "https://deno.land/x/hono@v4.2.5/utils/jwt/jws.ts": "878fa7d1966b0db20ae231cfee279ba2bb198943e949049cab3f5845cd5ee2d1",
    "https://deno.land/x/hono@v4.2.5/utils/jwt/jwt.ts": "f87d29808aa02022e83b3f7170bc80a6dd4d3e27095cc36da915309e08aa96eb",
    "https://deno.land/x/hono@v4.2.5/utils/jwt/types.ts": "2845fe8633a5d39c958651ffef2733637e1a647f4b7b061de0458f0435f0f0f5",
    "https://deno.land/x/hono@v4.2.5/utils/jwt/utf8.ts": "b9649f21ef91d1e83b3031a53970b29f13ff82053db3ffae372030706fa07d0e",
    "https://deno.land/x/hono@v4.2.5/utils/mime.ts": "1e5db0919d2127995ec466dfd1ee637c3d63084f516ccbd3c6906ccf0d3f3c46",
    "https://deno.land/x/hono@v4.2.5/utils/stream.ts": "491bebbc8cff49eddef05bca2e2d7b7c6d31c8444fdef60ae8a0373df293e6ae",
    "https://deno.land/x/hono@v4.2.5/utils/url.ts": "855169632c61d03703bd08cafb27664ba3fdb352892f01687d5cce8fd49e3cb1"
  }
}
